{
  "name": "causal-vcs-lab",
  "version": "0.14.0",
  "lockfileVersion": 3,
  "requires": true,
  "packages": {
    "": {
      "name": "causal-vcs-lab",
      "version": "0.14.0",
      "license": "MIT",
      "bin": {
        "vlab": "bin/vlab.js"
      },
      "engines": {
        "node": ">=20"
      }
    }
  }
}
